
Microsoft Visual Studio Solution File, Format Version 12.00
# Visual Studio Version 17
VisualStudioVersion = 17.2.32616.157
MinimumVisualStudioVersion = 10.0.40219.1
Project("{9A19103F-16F7-4668-BE54-9A1E7A4F7556}") = "CurrencyExchange.API2", "CurrencyExchange2\CurrencyExchange.API2.csproj", "{625FF839-15F4-4485-B6E0-30AB0D9D7340}"
EndProject
Project("{9A19103F-16F7-4668-BE54-9A1E7A4F7556}") = "CurrencyExchange.Core", "CurrencyExchange.Core\CurrencyExchange.Core.csproj", "{FEE128CF-9563-42F7-8EAF-A0BABBC9730D}"
EndProject
Project("{9A19103F-16F7-4668-BE54-9A1E7A4F7556}") = "CurrencyExchange.Repository", "CurrencyExchange.Repository\CurrencyExchange.Repository.csproj", "{C6212B1A-9CDB-49D6-B23D-C1180D52924B}"
EndProject
Project("{9A19103F-16F7-4668-BE54-9A1E7A4F7556}") = "CurrencyExchange.Service", "CurrencyExchange.Service\CurrencyExchange.Service.csproj", "{97953C65-C474-469F-9ADA-A511AF23BE32}"
EndProject
Project("{9A19103F-16F7-4668-BE54-9A1E7A4F7556}") = "CurrencyExchange.Cachgin", "CurrencyExchange.Cachgin\CurrencyExchange.Cachgin.csproj", "{F2F5936B-40D4-422C-A99E-1260036503C8}"
EndProject
Project("{FAE04EC0-301F-11D3-BF4B-00C04F79EFBC}") = "CurrencyExchange.API", "CurrencyExchange.API\CurrencyExchange.API.csproj", "{D02F6C2B-A585-464C-AA2F-6C5ACB4A5B9C}"
EndProject
Global
	GlobalSection(SolutionConfigurationPlatforms) = preSolution
		Debug|Any CPU = Debug|Any CPU
		Release|Any CPU = Release|Any CPU
	EndGlobalSection
	GlobalSection(ProjectConfigurationPlatforms) = postSolution
		{625FF839-15F4-4485-B6E0-30AB0D9D7340}.Debug|Any CPU.ActiveCfg = Debug|Any CPU
		{625FF839-15F4-4485-B6E0-30AB0D9D7340}.Debug|Any CPU.Build.0 = Debug|Any CPU
		{625FF839-15F4-4485-B6E0-30AB0D9D7340}.Release|Any CPU.ActiveCfg = Release|Any CPU
		{625FF839-15F4-4485-B6E0-30AB0D9D7340}.Release|Any CPU.Build.0 = Release|Any CPU
		{FEE128CF-9563-42F7-8EAF-A0BABBC9730D}.Debug|Any CPU.ActiveCfg = Debug|Any CPU
		{FEE128CF-9563-42F7-8EAF-A0BABBC9730D}.Debug|Any CPU.Build.0 = Debug|Any CPU
		{FEE128CF-9563-42F7-8EAF-A0BABBC9730D}.Release|Any CPU.ActiveCfg = Release|Any CPU
		{FEE128CF-9563-42F7-8EAF-A0BABBC9730D}.Release|Any CPU.Build.0 = Release|Any CPU
		{C6212B1A-9CDB-49D6-B23D-C1180D52924B}.Debug|Any CPU.ActiveCfg = Debug|Any CPU
		{C6212B1A-9CDB-49D6-B23D-C1180D52924B}.Debug|Any CPU.Build.0 = Debug|Any CPU
		{C6212B1A-9CDB-49D6-B23D-C1180D52924B}.Release|Any CPU.ActiveCfg = Release|Any CPU
		{C6212B1A-9CDB-49D6-B23D-C1180D52924B}.Release|Any CPU.Build.0 = Release|Any CPU
		{97953C65-C474-469F-9ADA-A511AF23BE32}.Debug|Any CPU.ActiveCfg = Debug|Any CPU
		{97953C65-C474-469F-9ADA-A511AF23BE32}.Debug|Any CPU.Build.0 = Debug|Any CPU
		{97953C65-C474-469F-9ADA-A511AF23BE32}.Release|Any CPU.ActiveCfg = Release|Any CPU
		{97953C65-C474-469F-9ADA-A511AF23BE32}.Release|Any CPU.Build.0 = Release|Any CPU
		{F2F5936B-40D4-422C-A99E-1260036503C8}.Debug|Any CPU.ActiveCfg = Debug|Any CPU
		{F2F5936B-40D4-422C-A99E-1260036503C8}.Debug|Any CPU.Build.0 = Debug|Any CPU
		{F2F5936B-40D4-422C-A99E-1260036503C8}.Release|Any CPU.ActiveCfg = Release|Any CPU
		{F2F5936B-40D4-422C-A99E-1260036503C8}.Release|Any CPU.Build.0 = Release|Any CPU
		{D02F6C2B-A585-464C-AA2F-6C5ACB4A5B9C}.Debug|Any CPU.ActiveCfg = Debug|Any CPU
		{D02F6C2B-A585-464C-AA2F-6C5ACB4A5B9C}.Debug|Any CPU.Build.0 = Debug|Any CPU
		{D02F6C2B-A585-464C-AA2F-6C5ACB4A5B9C}.Release|Any CPU.ActiveCfg = Release|Any CPU
		{D02F6C2B-A585-464C-AA2F-6C5ACB4A5B9C}.Release|Any CPU.Build.0 = Release|Any CPU
	EndGlobalSection
	GlobalSection(SolutionProperties) = preSolution
		HideSolutionNode = FALSE
	EndGlobalSection
	GlobalSection(ExtensibilityGlobals) = postSolution
		SolutionGuid = {3AF35746-65EA-4ED8-969C-B92CC4AD5FA3}
	EndGlobalSection
EndGlobal
